Microsoft Visual Studio Solution File, Format Version 12.00
# Visual Studio 15
VisualStudioVersion = 15.0.28010.2048
MinimumVisualStudioVersion = 10.0.40219.1
Project("{8BC9CEB8-8B4A-11D0-8D11-00A0C91BC942}") = "bdldfp", "groups\bdl\bdldfp\bdldfp.vcxproj", "{A4991889-BA1B-3E92-95F3-AC21B1D585E7}"
EndProject
Project("{8BC9CEB8-8B4A-11D0-8D11-00A0C91BC942}") = "bdldfp_bdldfp_binaryintegraldecimalimputil", "groups\bdl\bdldfp\bdldfp_bdldfp_binaryintegraldecimalimputil.vcxproj", "{32D4901A-744E-3B21-B6D1-7EDFDEBCAE19}"
	ProjectSection(ProjectDependencies) = postProject
		{6C8CE401-DEDF-3D70-8BDD-29E7A509F9F3} = {6C8CE401-DEDF-3D70-8BDD-29E7A509F9F3}
		{A4991889-BA1B-3E92-95F3-AC21B1D585E7} = {A4991889-BA1B-3E92-95F3-AC21B1D585E7}
		{752F5CC0-57A3-35D7-82E4-BE2B71CD6EFF} = {752F5CC0-57A3-35D7-82E4-BE2B71CD6EFF}
	EndProjectSection
EndProject
Project("{8BC9CEB8-8B4A-11D0-8D11-00A0C91BC942}") = "bdldfp_bdldfp_decimal", "groups\bdl\bdldfp\bdldfp_bdldfp_decimal.vcxproj", "{C9174F06-E620-3D6A-91DC-17C45CCB64A3}"
	ProjectSection(ProjectDependencies) = postProject
		{6C8CE401-DEDF-3D70-8BDD-29E7A509F9F3} = {6C8CE401-DEDF-3D70-8BDD-29E7A509F9F3}
		{A4991889-BA1B-3E92-95F3-AC21B1D585E7} = {A4991889-BA1B-3E92-95F3-AC21B1D585E7}
		{752F5CC0-57A3-35D7-82E4-BE2B71CD6EFF} = {752F5CC0-57A3-35D7-82E4-BE2B71CD6EFF}
	EndProjectSection
EndProject
Project("{8BC9CEB8-8B4A-11D0-8D11-00A0C91BC942}") = "bdldfp_bdldfp_decimalconvertutil", "groups\bdl\bdldfp\bdldfp_bdldfp_decimalconvertutil.vcxproj", "{40F6E942-0440-3341-92BA-C47C96FE15AC}"
	ProjectSection(ProjectDependencies) = postProject
		{6C8CE401-DEDF-3D70-8BDD-29E7A509F9F3} = {6C8CE401-DEDF-3D70-8BDD-29E7A509F9F3}
		{A4991889-BA1B-3E92-95F3-AC21B1D585E7} = {A4991889-BA1B-3E92-95F3-AC21B1D585E7}
		{752F5CC0-57A3-35D7-82E4-BE2B71CD6EFF} = {752F5CC0-57A3-35D7-82E4-BE2B71CD6EFF}
	EndProjectSection
EndProject
Project("{8BC9CEB8-8B4A-11D0-8D11-00A0C91BC942}") = "bdldfp_bdldfp_decimalconvertutil_decnumber", "groups\bdl\bdldfp\bdldfp_bdldfp_decimalconvertutil_decnumber.vcxproj", "{927FC35D-38D2-3E5F-9519-77C2D1C84013}"
	ProjectSection(ProjectDependencies) = postProject
		{6C8CE401-DEDF-3D70-8BDD-29E7A509F9F3} = {6C8CE401-DEDF-3D70-8BDD-29E7A509F9F3}
		{A4991889-BA1B-3E92-95F3-AC21B1D585E7} = {A4991889-BA1B-3E92-95F3-AC21B1D585E7}
		{752F5CC0-57A3-35D7-82E4-BE2B71CD6EFF} = {752F5CC0-57A3-35D7-82E4-BE2B71CD6EFF}
	EndProjectSection
EndProject
Project("{8BC9CEB8-8B4A-11D0-8D11-00A0C91BC942}") = "bdldfp_bdldfp_decimalconvertutil_ibmxlc", "groups\bdl\bdldfp\bdldfp_bdldfp_decimalconvertutil_ibmxlc.vcxproj", "{C46366F8-0ADE-396A-BC1B-9CD317364645}"
	ProjectSection(ProjectDependencies) = postProject
		{6C8CE401-DEDF-3D70-8BDD-29E7A509F9F3} = {6C8CE401-DEDF-3D70-8BDD-29E7A509F9F3}
		{A4991889-BA1B-3E92-95F3-AC21B1D585E7} = {A4991889-BA1B-3E92-95F3-AC21B1D585E7}
		{752F5CC0-57A3-35D7-82E4-BE2B71CD6EFF} = {752F5CC0-57A3-35D7-82E4-BE2B71CD6EFF}
	EndProjectSection
EndProject
Project("{8BC9CEB8-8B4A-11D0-8D11-00A0C91BC942}") = "bdldfp_bdldfp_decimalconvertutil_inteldfp", "groups\bdl\bdldfp\bdldfp_bdldfp_decimalconvertutil_inteldfp.vcxproj", "{6EC05706-B4C7-3B5A-97E2-B224BCC7359B}"
	ProjectSection(ProjectDependencies) = postProject
		{6C8CE401-DEDF-3D70-8BDD-29E7A509F9F3} = {6C8CE401-DEDF-3D70-8BDD-29E7A509F9F3}
		{A4991889-BA1B-3E92-95F3-AC21B1D585E7} = {A4991889-BA1B-3E92-95F3-AC21B1D585E7}
		{752F5CC0-57A3-35D7-82E4-BE2B71CD6EFF} = {752F5CC0-57A3-35D7-82E4-BE2B71CD6EFF}
	EndProjectSection
EndProject
Project("{8BC9CEB8-8B4A-11D0-8D11-00A0C91BC942}") = "bdldfp_bdldfp_decimalimputil", "groups\bdl\bdldfp\bdldfp_bdldfp_decimalimputil.vcxproj", "{CD9B8237-32FC-30F0-B4AE-726BB760F339}"
	ProjectSection(ProjectDependencies) = postProject
		{6C8CE401-DEDF-3D70-8BDD-29E7A509F9F3} = {6C8CE401-DEDF-3D70-8BDD-29E7A509F9F3}
		{A4991889-BA1B-3E92-95F3-AC21B1D585E7} = {A4991889-BA1B-3E92-95F3-AC21B1D585E7}
		{752F5CC0-57A3-35D7-82E4-BE2B71CD6EFF} = {752F5CC0-57A3-35D7-82E4-BE2B71CD6EFF}
	EndProjectSection
EndProject
Project("{8BC9CEB8-8B4A-11D0-8D11-00A0C91BC942}") = "bdldfp_bdldfp_decimalimputil_decnumber", "groups\bdl\bdldfp\bdldfp_bdldfp_decimalimputil_decnumber.vcxproj", "{ED6D5583-7BCD-3C55-89E9-534D40E26F6C}"
	ProjectSection(ProjectDependencies) = postProject
		{6C8CE401-DEDF-3D70-8BDD-29E7A509F9F3} = {6C8CE401-DEDF-3D70-8BDD-29E7A509F9F3}
		{A4991889-BA1B-3E92-95F3-AC21B1D585E7} = {A4991889-BA1B-3E92-95F3-AC21B1D585E7}
		{752F5CC0-57A3-35D7-82E4-BE2B71CD6EFF} = {752F5CC0-57A3-35D7-82E4-BE2B71CD6EFF}
	EndProjectSection
EndProject
Project("{8BC9CEB8-8B4A-11D0-8D11-00A0C91BC942}") = "bdldfp_bdldfp_decimalimputil_ibmxlc", "groups\bdl\bdldfp\bdldfp_bdldfp_decimalimputil_ibmxlc.vcxproj", "{AB7F7E9B-7DC2-366F-9E28-1C5ED5AD370F}"
	ProjectSection(ProjectDependencies) = postProject
		{6C8CE401-DEDF-3D70-8BDD-29E7A509F9F3} = {6C8CE401-DEDF-3D70-8BDD-29E7A509F9F3}
		{A4991889-BA1B-3E92-95F3-AC21B1D585E7} = {A4991889-BA1B-3E92-95F3-AC21B1D585E7}
		{752F5CC0-57A3-35D7-82E4-BE2B71CD6EFF} = {752F5CC0-57A3-35D7-82E4-BE2B71CD6EFF}
	EndProjectSection
EndProject
Project("{8BC9CEB8-8B4A-11D0-8D11-00A0C91BC942}") = "bdldfp_bdldfp_decimalimputil_inteldfp", "groups\bdl\bdldfp\bdldfp_bdldfp_decimalimputil_inteldfp.vcxproj", "{4169EDAD-794A-300D-9A97-029C4B9D7FB0}"
	ProjectSection(ProjectDependencies) = postProject
		{6C8CE401-DEDF-3D70-8BDD-29E7A509F9F3} = {6C8CE401-DEDF-3D70-8BDD-29E7A509F9F3}
		{A4991889-BA1B-3E92-95F3-AC21B1D585E7} = {A4991889-BA1B-3E92-95F3-AC21B1D585E7}
		{752F5CC0-57A3-35D7-82E4-BE2B71CD6EFF} = {752F5CC0-57A3-35D7-82E4-BE2B71CD6EFF}
	EndProjectSection
EndProject
Project("{8BC9CEB8-8B4A-11D0-8D11-00A0C91BC942}") = "bdldfp_bdldfp_decimalplatform", "groups\bdl\bdldfp\bdldfp_bdldfp_decimalplatform.vcxproj", "{A3BC05A6-3D91-389A-A876-25D6769911D9}"
	ProjectSection(ProjectDependencies) = postProject
		{6C8CE401-DEDF-3D70-8BDD-29E7A509F9F3} = {6C8CE401-DEDF-3D70-8BDD-29E7A509F9F3}
		{A4991889-BA1B-3E92-95F3-AC21B1D585E7} = {A4991889-BA1B-3E92-95F3-AC21B1D585E7}
		{752F5CC0-57A3-35D7-82E4-BE2B71CD6EFF} = {752F5CC0-57A3-35D7-82E4-BE2B71CD6EFF}
	EndProjectSection
EndProject
Project("{8BC9CEB8-8B4A-11D0-8D11-00A0C91BC942}") = "bdldfp_bdldfp_decimalutil", "groups\bdl\bdldfp\bdldfp_bdldfp_decimalutil.vcxproj", "{709076AC-93D5-399C-960C-64440852F5A9}"
	ProjectSection(ProjectDependencies) = postProject
		{6C8CE401-DEDF-3D70-8BDD-29E7A509F9F3} = {6C8CE401-DEDF-3D70-8BDD-29E7A509F9F3}
		{A4991889-BA1B-3E92-95F3-AC21B1D585E7} = {A4991889-BA1B-3E92-95F3-AC21B1D585E7}
		{752F5CC0-57A3-35D7-82E4-BE2B71CD6EFF} = {752F5CC0-57A3-35D7-82E4-BE2B71CD6EFF}
	EndProjectSection
EndProject
Project("{8BC9CEB8-8B4A-11D0-8D11-00A0C91BC942}") = "bdldfp_bdldfp_denselypackeddecimalimputil", "groups\bdl\bdldfp\bdldfp_bdldfp_denselypackeddecimalimputil.vcxproj", "{B29DC5DC-41C7-3C53-AAED-FFD1F55D34C3}"
	ProjectSection(ProjectDependencies) = postProject
		{6C8CE401-DEDF-3D70-8BDD-29E7A509F9F3} = {6C8CE401-DEDF-3D70-8BDD-29E7A509F9F3}
		{A4991889-BA1B-3E92-95F3-AC21B1D585E7} = {A4991889-BA1B-3E92-95F3-AC21B1D585E7}
		{752F5CC0-57A3-35D7-82E4-BE2B71CD6EFF} = {752F5CC0-57A3-35D7-82E4-BE2B71CD6EFF}
	EndProjectSection
EndProject
Project("{8BC9CEB8-8B4A-11D0-8D11-00A0C91BC942}") = "bdldfp_bdldfp_intelimpwrapper", "groups\bdl\bdldfp\bdldfp_bdldfp_intelimpwrapper.vcxproj", "{B6C086DE-F1D1-329D-8B80-7D99F223098C}"
	ProjectSection(ProjectDependencies) = postProject
		{6C8CE401-DEDF-3D70-8BDD-29E7A509F9F3} = {6C8CE401-DEDF-3D70-8BDD-29E7A509F9F3}
		{A4991889-BA1B-3E92-95F3-AC21B1D585E7} = {A4991889-BA1B-3E92-95F3-AC21B1D585E7}
		{752F5CC0-57A3-35D7-82E4-BE2B71CD6EFF} = {752F5CC0-57A3-35D7-82E4-BE2B71CD6EFF}
	EndProjectSection
EndProject
Project("{8BC9CEB8-8B4A-11D0-8D11-00A0C91BC942}") = "bdldfp_bdldfp_uint128", "groups\bdl\bdldfp\bdldfp_bdldfp_uint128.vcxproj", "{F4671D9F-28CB-3ADE-A985-85E8051AE4B7}"
	ProjectSection(ProjectDependencies) = postProject
		{6C8CE401-DEDF-3D70-8BDD-29E7A509F9F3} = {6C8CE401-DEDF-3D70-8BDD-29E7A509F9F3}
		{A4991889-BA1B-3E92-95F3-AC21B1D585E7} = {A4991889-BA1B-3E92-95F3-AC21B1D585E7}
		{752F5CC0-57A3-35D7-82E4-BE2B71CD6EFF} = {752F5CC0-57A3-35D7-82E4-BE2B71CD6EFF}
	EndProjectSection
EndProject
Project("{8BC9CEB8-8B4A-11D0-8D11-00A0C91BC942}") = "decnumber", "thirdparty\decnumber\decnumber.vcxproj", "{752F5CC0-57A3-35D7-82E4-BE2B71CD6EFF}"
EndProject
Project("{8BC9CEB8-8B4A-11D0-8D11-00A0C91BC942}") = "inteldfp", "thirdparty\inteldfp\inteldfp.vcxproj", "{6C8CE401-DEDF-3D70-8BDD-29E7A509F9F3}"
EndProject
Project("{8BC9CEB8-8B4A-11D0-8D11-00A0C91BC942}") = "DecimalTest", "DecimalTest\DecimalTest.vcxproj", "{2CFE18B7-6D6F-48BF-8844-E28B664BA833}"
	ProjectSection(ProjectDependencies) = postProject
		{6C8CE401-DEDF-3D70-8BDD-29E7A509F9F3} = {6C8CE401-DEDF-3D70-8BDD-29E7A509F9F3}
		{A4991889-BA1B-3E92-95F3-AC21B1D585E7} = {A4991889-BA1B-3E92-95F3-AC21B1D585E7}
		{752F5CC0-57A3-35D7-82E4-BE2B71CD6EFF} = {752F5CC0-57A3-35D7-82E4-BE2B71CD6EFF}
	EndProjectSection
EndProject
Global
	GlobalSection(SolutionConfigurationPlatforms) = preSolution
		Debug|Win32 = Debug|Win32
		Debug|x64 = Debug|x64
		MinSizeRel|Win32 = MinSizeRel|Win32
		MinSizeRel|x64 = MinSizeRel|x64
		Release|Win32 = Release|Win32
		Release|x64 = Release|x64
		RelWithDebInfo|Win32 = RelWithDebInfo|Win32
		RelWithDebInfo|x64 = RelWithDebInfo|x64
	EndGlobalSection
	GlobalSection(ProjectConfigurationPlatforms) = postSolution
		{A4991889-BA1B-3E92-95F3-AC21B1D585E7}.Debug|Win32.ActiveCfg = Debug|Win32
		{A4991889-BA1B-3E92-95F3-AC21B1D585E7}.Debug|Win32.Build.0 = Debug|Win32
		{A4991889-BA1B-3E92-95F3-AC21B1D585E7}.Debug|x64.ActiveCfg = Debug|Win32
		{A4991889-BA1B-3E92-95F3-AC21B1D585E7}.MinSizeRel|Win32.ActiveCfg = MinSizeRel|Win32
		{A4991889-BA1B-3E92-95F3-AC21B1D585E7}.MinSizeRel|Win32.Build.0 = MinSizeRel|Win32
		{A4991889-BA1B-3E92-95F3-AC21B1D585E7}.MinSizeRel|x64.ActiveCfg = MinSizeRel|Win32
		{A4991889-BA1B-3E92-95F3-AC21B1D585E7}.Release|Win32.ActiveCfg = Release|Win32
		{A4991889-BA1B-3E92-95F3-AC21B1D585E7}.Release|Win32.Build.0 = Release|Win32
		{A4991889-BA1B-3E92-95F3-AC21B1D585E7}.Release|x64.ActiveCfg = Release|Win32
		{A4991889-BA1B-3E92-95F3-AC21B1D585E7}.RelWithDebInfo|Win32.ActiveCfg = RelWithDebInfo|Win32
		{A4991889-BA1B-3E92-95F3-AC21B1D585E7}.RelWithDebInfo|Win32.Build.0 = RelWithDebInfo|Win32
		{A4991889-BA1B-3E92-95F3-AC21B1D585E7}.RelWithDebInfo|x64.ActiveCfg = RelWithDebInfo|Win32
		{32D4901A-744E-3B21-B6D1-7EDFDEBCAE19}.Debug|Win32.ActiveCfg = Debug|Win32
		{32D4901A-744E-3B21-B6D1-7EDFDEBCAE19}.Debug|Win32.Build.0 = Debug|Win32
		{32D4901A-744E-3B21-B6D1-7EDFDEBCAE19}.Debug|x64.ActiveCfg = Debug|Win32
		{32D4901A-744E-3B21-B6D1-7EDFDEBCAE19}.MinSizeRel|Win32.ActiveCfg = MinSizeRel|Win32
		{32D4901A-744E-3B21-B6D1-7EDFDEBCAE19}.MinSizeRel|Win32.Build.0 = MinSizeRel|Win32
		{32D4901A-744E-3B21-B6D1-7EDFDEBCAE19}.MinSizeRel|x64.ActiveCfg = MinSizeRel|Win32
		{32D4901A-744E-3B21-B6D1-7EDFDEBCAE19}.Release|Win32.ActiveCfg = Release|Win32
		{32D4901A-744E-3B21-B6D1-7EDFDEBCAE19}.Release|Win32.Build.0 = Release|Win32
		{32D4901A-744E-3B21-B6D1-7EDFDEBCAE19}.Release|x64.ActiveCfg = Release|Win32
		{32D4901A-744E-3B21-B6D1-7EDFDEBCAE19}.RelWithDebInfo|Win32.ActiveCfg = RelWithDebInfo|Win32
		{32D4901A-744E-3B21-B6D1-7EDFDEBCAE19}.RelWithDebInfo|Win32.Build.0 = RelWithDebInfo|Win32
		{32D4901A-744E-3B21-B6D1-7EDFDEBCAE19}.RelWithDebInfo|x64.ActiveCfg = RelWithDebInfo|Win32
		{C9174F06-E620-3D6A-91DC-17C45CCB64A3}.Debug|Win32.ActiveCfg = Debug|Win32
		{C9174F06-E620-3D6A-91DC-17C45CCB64A3}.Debug|Win32.Build.0 = Debug|Win32
		{C9174F06-E620-3D6A-91DC-17C45CCB64A3}.Debug|x64.ActiveCfg = Debug|Win32
		{C9174F06-E620-3D6A-91DC-17C45CCB64A3}.MinSizeRel|Win32.ActiveCfg = MinSizeRel|Win32
		{C9174F06-E620-3D6A-91DC-17C45CCB64A3}.MinSizeRel|Win32.Build.0 = MinSizeRel|Win32
		{C9174F06-E620-3D6A-91DC-17C45CCB64A3}.MinSizeRel|x64.ActiveCfg = MinSizeRel|Win32
		{C9174F06-E620-3D6A-91DC-17C45CCB64A3}.Release|Win32.ActiveCfg = Release|Win32
		{C9174F06-E620-3D6A-91DC-17C45CCB64A3}.Release|Win32.Build.0 = Release|Win32
		{C9174F06-E620-3D6A-91DC-17C45CCB64A3}.Release|x64.ActiveCfg = Release|Win32
		{C9174F06-E620-3D6A-91DC-17C45CCB64A3}.RelWithDebInfo|Win32.ActiveCfg = RelWithDebInfo|Win32
		{C9174F06-E620-3D6A-91DC-17C45CCB64A3}.RelWithDebInfo|Win32.Build.0 = RelWithDebInfo|Win32
		{C9174F06-E620-3D6A-91DC-17C45CCB64A3}.RelWithDebInfo|x64.ActiveCfg = RelWithDebInfo|Win32
		{40F6E942-0440-3341-92BA-C47C96FE15AC}.Debug|Win32.ActiveCfg = Debug|Win32
		{40F6E942-0440-3341-92BA-C47C96FE15AC}.Debug|Win32.Build.0 = Debug|Win32
		{40F6E942-0440-3341-92BA-C47C96FE15AC}.Debug|x64.ActiveCfg = Debug|Win32
		{40F6E942-0440-3341-92BA-C47C96FE15AC}.MinSizeRel|Win32.ActiveCfg = MinSizeRel|Win32
		{40F6E942-0440-3341-92BA-C47C96FE15AC}.MinSizeRel|Win32.Build.0 = MinSizeRel|Win32
		{40F6E942-0440-3341-92BA-C47C96FE15AC}.MinSizeRel|x64.ActiveCfg = MinSizeRel|Win32
		{40F6E942-0440-3341-92BA-C47C96FE15AC}.Release|Win32.ActiveCfg = Release|Win32
		{40F6E942-0440-3341-92BA-C47C96FE15AC}.Release|Win32.Build.0 = Release|Win32
		{40F6E942-0440-3341-92BA-C47C96FE15AC}.Release|x64.ActiveCfg = Release|Win32
		{40F6E942-0440-3341-92BA-C47C96FE15AC}.RelWithDebInfo|Win32.ActiveCfg = RelWithDebInfo|Win32
		{40F6E942-0440-3341-92BA-C47C96FE15AC}.RelWithDebInfo|Win32.Build.0 = RelWithDebInfo|Win32
		{40F6E942-0440-3341-92BA-C47C96FE15AC}.RelWithDebInfo|x64.ActiveCfg = RelWithDebInfo|Win32
		{927FC35D-38D2-3E5F-9519-77C2D1C84013}.Debug|Win32.ActiveCfg = Debug|Win32
		{927FC35D-38D2-3E5F-9519-77C2D1C84013}.Debug|Win32.Build.0 = Debug|Win32
		{927FC35D-38D2-3E5F-9519-77C2D1C84013}.Debug|x64.ActiveCfg = Debug|Win32
		{927FC35D-38D2-3E5F-9519-77C2D1C84013}.MinSizeRel|Win32.ActiveCfg = MinSizeRel|Win32
		{927FC35D-38D2-3E5F-9519-77C2D1C84013}.MinSizeRel|Win32.Build.0 = MinSizeRel|Win32
		{927FC35D-38D2-3E5F-9519-77C2D1C84013}.MinSizeRel|x64.ActiveCfg = MinSizeRel|Win32
		{927FC35D-38D2-3E5F-9519-77C2D1C84013}.Release|Win32.ActiveCfg = Release|Win32
		{927FC35D-38D2-3E5F-9519-77C2D1C84013}.Release|Win32.Build.0 = Release|Win32
		{927FC35D-38D2-3E5F-9519-77C2D1C84013}.Release|x64.ActiveCfg = Release|Win32
		{927FC35D-38D2-3E5F-9519-77C2D1C84013}.RelWithDebInfo|Win32.ActiveCfg = RelWithDebInfo|Win32
		{927FC35D-38D2-3E5F-9519-77C2D1C84013}.RelWithDebInfo|Win32.Build.0 = RelWithDebInfo|Win32
		{927FC35D-38D2-3E5F-9519-77C2D1C84013}.RelWithDebInfo|x64.ActiveCfg = RelWithDebInfo|Win32
		{C46366F8-0ADE-396A-BC1B-9CD317364645}.Debug|Win32.ActiveCfg = Debug|Win32
		{C46366F8-0ADE-396A-BC1B-9CD317364645}.Debug|Win32.Build.0 = Debug|Win32
		{C46366F8-0ADE-396A-BC1B-9CD317364645}.Debug|x64.ActiveCfg = Debug|Win32
		{C46366F8-0ADE-396A-BC1B-9CD317364645}.MinSizeRel|Win32.ActiveCfg = MinSizeRel|Win32
		{C46366F8-0ADE-396A-BC1B-9CD317364645}.MinSizeRel|Win32.Build.0 = MinSizeRel|Win32
		{C46366F8-0ADE-396A-BC1B-9CD317364645}.MinSizeRel|x64.ActiveCfg = MinSizeRel|Win32
		{C46366F8-0ADE-396A-BC1B-9CD317364645}.Release|Win32.ActiveCfg = Release|Win32
		{C46366F8-0ADE-396A-BC1B-9CD317364645}.Release|Win32.Build.0 = Release|Win32
		{C46366F8-0ADE-396A-BC1B-9CD317364645}.Release|x64.ActiveCfg = Release|Win32
		{C46366F8-0ADE-396A-BC1B-9CD317364645}.RelWithDebInfo|Win32.ActiveCfg = RelWithDebInfo|Win32
		{C46366F8-0ADE-396A-BC1B-9CD317364645}.RelWithDebInfo|Win32.Build.0 = RelWithDebInfo|Win32
		{C46366F8-0ADE-396A-BC1B-9CD317364645}.RelWithDebInfo|x64.ActiveCfg = RelWithDebInfo|Win32
		{6EC05706-B4C7-3B5A-97E2-B224BCC7359B}.Debug|Win32.ActiveCfg = Debug|Win32
		{6EC05706-B4C7-3B5A-97E2-B224BCC7359B}.Debug|Win32.Build.0 = Debug|Win32
		{6EC05706-B4C7-3B5A-97E2-B224BCC7359B}.Debug|x64.ActiveCfg = Debug|Win32
		{6EC05706-B4C7-3B5A-97E2-B224BCC7359B}.MinSizeRel|Win32.ActiveCfg = MinSizeRel|Win32
		{6EC05706-B4C7-3B5A-97E2-B224BCC7359B}.MinSizeRel|Win32.Build.0 = MinSizeRel|Win32
		{6EC05706-B4C7-3B5A-97E2-B224BCC7359B}.MinSizeRel|x64.ActiveCfg = MinSizeRel|Win32
		{6EC05706-B4C7-3B5A-97E2-B224BCC7359B}.Release|Win32.ActiveCfg = Release|Win32
		{6EC05706-B4C7-3B5A-97E2-B224BCC7359B}.Release|Win32.Build.0 = Release|Win32
		{6EC05706-B4C7-3B5A-97E2-B224BCC7359B}.Release|x64.ActiveCfg = Release|Win32
		{6EC05706-B4C7-3B5A-97E2-B224BCC7359B}.RelWithDebInfo|Win32.ActiveCfg = RelWithDebInfo|Win32
		{6EC05706-B4C7-3B5A-97E2-B224BCC7359B}.RelWithDebInfo|Win32.Build.0 = RelWithDebInfo|Win32
		{6EC05706-B4C7-3B5A-97E2-B224BCC7359B}.RelWithDebInfo|x64.ActiveCfg = RelWithDebInfo|Win32
		{CD9B8237-32FC-30F0-B4AE-726BB760F339}.Debug|Win32.ActiveCfg = Debug|Win32
		{CD9B8237-32FC-30F0-B4AE-726BB760F339}.Debug|Win32.Build.0 = Debug|Win32
		{CD9B8237-32FC-30F0-B4AE-726BB760F339}.Debug|x64.ActiveCfg = Debug|Win32
		{CD9B8237-32FC-30F0-B4AE-726BB760F339}.MinSizeRel|Win32.ActiveCfg = MinSizeRel|Win32
		{CD9B8237-32FC-30F0-B4AE-726BB760F339}.MinSizeRel|Win32.Build.0 = MinSizeRel|Win32
		{CD9B8237-32FC-30F0-B4AE-726BB760F339}.MinSizeRel|x64.ActiveCfg = MinSizeRel|Win32
		{CD9B8237-32FC-30F0-B4AE-726BB760F339}.Release|Win32.ActiveCfg = Release|Win32
		{CD9B8237-32FC-30F0-B4AE-726BB760F339}.Release|Win32.Build.0 = Release|Win32
		{CD9B8237-32FC-30F0-B4AE-726BB760F339}.Release|x64.ActiveCfg = Release|Win32
		{CD9B8237-32FC-30F0-B4AE-726BB760F339}.RelWithDebInfo|Win32.ActiveCfg = RelWithDebInfo|Win32
		{CD9B8237-32FC-30F0-B4AE-726BB760F339}.RelWithDebInfo|Win32.Build.0 = RelWithDebInfo|Win32
		{CD9B8237-32FC-30F0-B4AE-726BB760F339}.RelWithDebInfo|x64.ActiveCfg = RelWithDebInfo|Win32
		{ED6D5583-7BCD-3C55-89E9-534D40E26F6C}.Debug|Win32.ActiveCfg = Debug|Win32
		{ED6D5583-7BCD-3C55-89E9-534D40E26F6C}.Debug|Win32.Build.0 = Debug|Win32
		{ED6D5583-7BCD-3C55-89E9-534D40E26F6C}.Debug|x64.ActiveCfg = Debug|Win32
		{ED6D5583-7BCD-3C55-89E9-534D40E26F6C}.MinSizeRel|Win32.ActiveCfg = MinSizeRel|Win32
		{ED6D5583-7BCD-3C55-89E9-534D40E26F6C}.MinSizeRel|Win32.Build.0 = MinSizeRel|Win32
		{ED6D5583-7BCD-3C55-89E9-534D40E26F6C}.MinSizeRel|x64.ActiveCfg = MinSizeRel|Win32
		{ED6D5583-7BCD-3C55-89E9-534D40E26F6C}.Release|Win32.ActiveCfg = Release|Win32
		{ED6D5583-7BCD-3C55-89E9-534D40E26F6C}.Release|Win32.Build.0 = Release|Win32
		{ED6D5583-7BCD-3C55-89E9-534D40E26F6C}.Release|x64.ActiveCfg = Release|Win32
		{ED6D5583-7BCD-3C55-89E9-534D40E26F6C}.RelWithDebInfo|Win32.ActiveCfg = RelWithDebInfo|Win32
		{ED6D5583-7BCD-3C55-89E9-534D40E26F6C}.RelWithDebInfo|Win32.Build.0 = RelWithDebInfo|Win32
		{ED6D5583-7BCD-3C55-89E9-534D40E26F6C}.RelWithDebInfo|x64.ActiveCfg = RelWithDebInfo|Win32
		{AB7F7E9B-7DC2-366F-9E28-1C5ED5AD370F}.Debug|Win32.ActiveCfg = Debug|Win32
		{AB7F7E9B-7DC2-366F-9E28-1C5ED5AD370F}.Debug|Win32.Build.0 = Debug|Win32
		{AB7F7E9B-7DC2-366F-9E28-1C5ED5AD370F}.Debug|x64.ActiveCfg = Debug|Win32
		{AB7F7E9B-7DC2-366F-9E28-1C5ED5AD370F}.MinSizeRel|Win32.ActiveCfg = MinSizeRel|Win32
		{AB7F7E9B-7DC2-366F-9E28-1C5ED5AD370F}.MinSizeRel|Win32.Build.0 = MinSizeRel|Win32
		{AB7F7E9B-7DC2-366F-9E28-1C5ED5AD370F}.MinSizeRel|x64.ActiveCfg = MinSizeRel|Win32
		{AB7F7E9B-7DC2-366F-9E28-1C5ED5AD370F}.Release|Win32.ActiveCfg = Release|Win32
		{AB7F7E9B-7DC2-366F-9E28-1C5ED5AD370F}.Release|Win32.Build.0 = Release|Win32
		{AB7F7E9B-7DC2-366F-9E28-1C5ED5AD370F}.Release|x64.ActiveCfg = Release|Win32
		{AB7F7E9B-7DC2-366F-9E28-1C5ED5AD370F}.RelWithDebInfo|Win32.ActiveCfg = RelWithDebInfo|Win32
		{AB7F7E9B-7DC2-366F-9E28-1C5ED5AD370F}.RelWithDebInfo|Win32.Build.0 = RelWithDebInfo|Win32
		{AB7F7E9B-7DC2-366F-9E28-1C5ED5AD370F}.RelWithDebInfo|x64.ActiveCfg = RelWithDebInfo|Win32
		{4169EDAD-794A-300D-9A97-029C4B9D7FB0}.Debug|Win32.ActiveCfg = Debug|Win32
		{4169EDAD-794A-300D-9A97-029C4B9D7FB0}.Debug|Win32.Build.0 = Debug|Win32
		{4169EDAD-794A-300D-9A97-029C4B9D7FB0}.Debug|x64.ActiveCfg = Debug|Win32
		{4169EDAD-794A-300D-9A97-029C4B9D7FB0}.MinSizeRel|Win32.ActiveCfg = MinSizeRel|Win32
		{4169EDAD-794A-300D-9A97-029C4B9D7FB0}.MinSizeRel|Win32.Build.0 = MinSizeRel|Win32
		{4169EDAD-794A-300D-9A97-029C4B9D7FB0}.MinSizeRel|x64.ActiveCfg = MinSizeRel|Win32
		{4169EDAD-794A-300D-9A97-029C4B9D7FB0}.Release|Win32.ActiveCfg = Release|Win32
		{4169EDAD-794A-300D-9A97-029C4B9D7FB0}.Release|Win32.Build.0 = Release|Win32
		{4169EDAD-794A-300D-9A97-029C4B9D7FB0}.Release|x64.ActiveCfg = Release|Win32
		{4169EDAD-794A-300D-9A97-029C4B9D7FB0}.RelWithDebInfo|Win32.ActiveCfg = RelWithDebInfo|Win32
		{4169EDAD-794A-300D-9A97-029C4B9D7FB0}.RelWithDebInfo|Win32.Build.0 = RelWithDebInfo|Win32
		{4169EDAD-794A-300D-9A97-029C4B9D7FB0}.RelWithDebInfo|x64.ActiveCfg = RelWithDebInfo|Win32
		{A3BC05A6-3D91-389A-A876-25D6769911D9}.Debug|Win32.ActiveCfg = Debug|Win32
		{A3BC05A6-3D91-389A-A876-25D6769911D9}.Debug|Win32.Build.0 = Debug|Win32
		{A3BC05A6-3D91-389A-A876-25D6769911D9}.Debug|x64.ActiveCfg = Debug|Win32
		{A3BC05A6-3D91-389A-A876-25D6769911D9}.MinSizeRel|Win32.ActiveCfg = MinSizeRel|Win32
		{A3BC05A6-3D91-389A-A876-25D6769911D9}.MinSizeRel|Win32.Build.0 = MinSizeRel|Win32
		{A3BC05A6-3D91-389A-A876-25D6769911D9}.MinSizeRel|x64.ActiveCfg = MinSizeRel|Win32
		{A3BC05A6-3D91-389A-A876-25D6769911D9}.Release|Win32.ActiveCfg = Release|Win32
		{A3BC05A6-3D91-389A-A876-25D6769911D9}.Release|Win32.Build.0 = Release|Win32
		{A3BC05A6-3D91-389A-A876-25D6769911D9}.Release|x64.ActiveCfg = Release|Win32
		{A3BC05A6-3D91-389A-A876-25D6769911D9}.RelWithDebInfo|Win32.ActiveCfg = RelWithDebInfo|Win32
		{A3BC05A6-3D91-389A-A876-25D6769911D9}.RelWithDebInfo|Win32.Build.0 = RelWithDebInfo|Win32
		{A3BC05A6-3D91-389A-A876-25D6769911D9}.RelWithDebInfo|x64.ActiveCfg = RelWithDebInfo|Win32
		{709076AC-93D5-399C-960C-64440852F5A9}.Debug|Win32.ActiveCfg = Debug|Win32
		{709076AC-93D5-399C-960C-64440852F5A9}.Debug|Win32.Build.0 = Debug|Win32
		{709076AC-93D5-399C-960C-64440852F5A9}.Debug|x64.ActiveCfg = Debug|Win32
		{709076AC-93D5-399C-960C-64440852F5A9}.MinSizeRel|Win32.ActiveCfg = MinSizeRel|Win32
		{709076AC-93D5-399C-960C-64440852F5A9}.MinSizeRel|Win32.Build.0 = MinSizeRel|Win32
		{709076AC-93D5-399C-960C-64440852F5A9}.MinSizeRel|x64.ActiveCfg = MinSizeRel|Win32
		{709076AC-93D5-399C-960C-64440852F5A9}.Release|Win32.ActiveCfg = Release|Win32
		{709076AC-93D5-399C-960C-64440852F5A9}.Release|Win32.Build.0 = Release|Win32
		{709076AC-93D5-399C-960C-64440852F5A9}.Release|x64.ActiveCfg = Release|Win32
		{709076AC-93D5-399C-960C-64440852F5A9}.RelWithDebInfo|Win32.ActiveCfg = RelWithDebInfo|Win32
		{709076AC-93D5-399C-960C-64440852F5A9}.RelWithDebInfo|Win32.Build.0 = RelWithDebInfo|Win32
		{709076AC-93D5-399C-960C-64440852F5A9}.RelWithDebInfo|x64.ActiveCfg = RelWithDebInfo|Win32
		{B29DC5DC-41C7-3C53-AAED-FFD1F55D34C3}.Debug|Win32.ActiveCfg = Debug|Win32
		{B29DC5DC-41C7-3C53-AAED-FFD1F55D34C3}.Debug|Win32.Build.0 = Debug|Win32
		{B29DC5DC-41C7-3C53-AAED-FFD1F55D34C3}.Debug|x64.ActiveCfg = Debug|Win32
		{B29DC5DC-41C7-3C53-AAED-FFD1F55D34C3}.MinSizeRel|Win32.ActiveCfg = MinSizeRel|Win32
		{B29DC5DC-41C7-3C53-AAED-FFD1F55D34C3}.MinSizeRel|Win32.Build.0 = MinSizeRel|Win32
		{B29DC5DC-41C7-3C53-AAED-FFD1F55D34C3}.MinSizeRel|x64.ActiveCfg = MinSizeRel|Win32
		{B29DC5DC-41C7-3C53-AAED-FFD1F55D34C3}.Release|Win32.ActiveCfg = Release|Win32
		{B29DC5DC-41C7-3C53-AAED-FFD1F55D34C3}.Release|Win32.Build.0 = Release|Win32
		{B29DC5DC-41C7-3C53-AAED-FFD1F55D34C3}.Release|x64.ActiveCfg = Release|Win32
		{B29DC5DC-41C7-3C53-AAED-FFD1F55D34C3}.RelWithDebInfo|Win32.ActiveCfg = RelWithDebInfo|Win32
		{B29DC5DC-41C7-3C53-AAED-FFD1F55D34C3}.RelWithDebInfo|Win32.Build.0 = RelWithDebInfo|Win32
		{B29DC5DC-41C7-3C53-AAED-FFD1F55D34C3}.RelWithDebInfo|x64.ActiveCfg = RelWithDebInfo|Win32
		{B6C086DE-F1D1-329D-8B80-7D99F223098C}.Debug|Win32.ActiveCfg = Debug|Win32
		{B6C086DE-F1D1-329D-8B80-7D99F223098C}.Debug|Win32.Build.0 = Debug|Win32
		{B6C086DE-F1D1-329D-8B80-7D99F223098C}.Debug|x64.ActiveCfg = Debug|Win32
		{B6C086DE-F1D1-329D-8B80-7D99F223098C}.MinSizeRel|Win32.ActiveCfg = MinSizeRel|Win32
		{B6C086DE-F1D1-329D-8B80-7D99F223098C}.MinSizeRel|Win32.Build.0 = MinSizeRel|Win32
		{B6C086DE-F1D1-329D-8B80-7D99F223098C}.MinSizeRel|x64.ActiveCfg = MinSizeRel|Win32
		{B6C086DE-F1D1-329D-8B80-7D99F223098C}.Release|Win32.ActiveCfg = Release|Win32
		{B6C086DE-F1D1-329D-8B80-7D99F223098C}.Release|Win32.Build.0 = Release|Win32
		{B6C086DE-F1D1-329D-8B80-7D99F223098C}.Release|x64.ActiveCfg = Release|Win32
		{B6C086DE-F1D1-329D-8B80-7D99F223098C}.RelWithDebInfo|Win32.ActiveCfg = RelWithDebInfo|Win32
		{B6C086DE-F1D1-329D-8B80-7D99F223098C}.RelWithDebInfo|Win32.Build.0 = RelWithDebInfo|Win32
		{B6C086DE-F1D1-329D-8B80-7D99F223098C}.RelWithDebInfo|x64.ActiveCfg = RelWithDebInfo|Win32
		{F4671D9F-28CB-3ADE-A985-85E8051AE4B7}.Debug|Win32.ActiveCfg = Debug|Win32
		{F4671D9F-28CB-3ADE-A985-85E8051AE4B7}.Debug|Win32.Build.0 = Debug|Win32
		{F4671D9F-28CB-3ADE-A985-85E8051AE4B7}.Debug|x64.ActiveCfg = Debug|Win32
		{F4671D9F-28CB-3ADE-A985-85E8051AE4B7}.MinSizeRel|Win32.ActiveCfg = MinSizeRel|Win32
		{F4671D9F-28CB-3ADE-A985-85E8051AE4B7}.MinSizeRel|Win32.Build.0 = MinSizeRel|Win32
		{F4671D9F-28CB-3ADE-A985-85E8051AE4B7}.MinSizeRel|x64.ActiveCfg = MinSizeRel|Win32
		{F4671D9F-28CB-3ADE-A985-85E8051AE4B7}.Release|Win32.ActiveCfg = Release|Win32
		{F4671D9F-28CB-3ADE-A985-85E8051AE4B7}.Release|Win32.Build.0 = Release|Win32
		{F4671D9F-28CB-3ADE-A985-85E8051AE4B7}.Release|x64.ActiveCfg = Release|Win32
		{F4671D9F-28CB-3ADE-A985-85E8051AE4B7}.RelWithDebInfo|Win32.ActiveCfg = RelWithDebInfo|Win32
		{F4671D9F-28CB-3ADE-A985-85E8051AE4B7}.RelWithDebInfo|Win32.Build.0 = RelWithDebInfo|Win32
		{F4671D9F-28CB-3ADE-A985-85E8051AE4B7}.RelWithDebInfo|x64.ActiveCfg = RelWithDebInfo|Win32
		{752F5CC0-57A3-35D7-82E4-BE2B71CD6EFF}.Debug|Win32.ActiveCfg = Debug|Win32
		{752F5CC0-57A3-35D7-82E4-BE2B71CD6EFF}.Debug|Win32.Build.0 = Debug|Win32
		{752F5CC0-57A3-35D7-82E4-BE2B71CD6EFF}.Debug|x64.ActiveCfg = Debug|Win32
		{752F5CC0-57A3-35D7-82E4-BE2B71CD6EFF}.MinSizeRel|Win32.ActiveCfg = MinSizeRel|Win32
		{752F5CC0-57A3-35D7-82E4-BE2B71CD6EFF}.MinSizeRel|Win32.Build.0 = MinSizeRel|Win32
		{752F5CC0-57A3-35D7-82E4-BE2B71CD6EFF}.MinSizeRel|x64.ActiveCfg = MinSizeRel|Win32
		{752F5CC0-57A3-35D7-82E4-BE2B71CD6EFF}.Release|Win32.ActiveCfg = Release|Win32
		{752F5CC0-57A3-35D7-82E4-BE2B71CD6EFF}.Release|Win32.Build.0 = Release|Win32
		{752F5CC0-57A3-35D7-82E4-BE2B71CD6EFF}.Release|x64.ActiveCfg = Release|Win32
		{752F5CC0-57A3-35D7-82E4-BE2B71CD6EFF}.RelWithDebInfo|Win32.ActiveCfg = RelWithDebInfo|Win32
		{752F5CC0-57A3-35D7-82E4-BE2B71CD6EFF}.RelWithDebInfo|Win32.Build.0 = RelWithDebInfo|Win32
		{752F5CC0-57A3-35D7-82E4-BE2B71CD6EFF}.RelWithDebInfo|x64.ActiveCfg = RelWithDebInfo|Win32
		{6C8CE401-DEDF-3D70-8BDD-29E7A509F9F3}.Debug|Win32.ActiveCfg = Debug|Win32
		{6C8CE401-DEDF-3D70-8BDD-29E7A509F9F3}.Debug|Win32.Build.0 = Debug|Win32
		{6C8CE401-DEDF-3D70-8BDD-29E7A509F9F3}.Debug|x64.ActiveCfg = Debug|Win32
		{6C8CE401-DEDF-3D70-8BDD-29E7A509F9F3}.MinSizeRel|Win32.ActiveCfg = MinSizeRel|Win32
		{6C8CE401-DEDF-3D70-8BDD-29E7A509F9F3}.MinSizeRel|Win32.Build.0 = MinSizeRel|Win32
		{6C8CE401-DEDF-3D70-8BDD-29E7A509F9F3}.MinSizeRel|x64.ActiveCfg = MinSizeRel|Win32
		{6C8CE401-DEDF-3D70-8BDD-29E7A509F9F3}.Release|Win32.ActiveCfg = Release|Win32
		{6C8CE401-DEDF-3D70-8BDD-29E7A509F9F3}.Release|Win32.Build.0 = Release|Win32
		{6C8CE401-DEDF-3D70-8BDD-29E7A509F9F3}.Release|x64.ActiveCfg = Release|Win32
		{6C8CE401-DEDF-3D70-8BDD-29E7A509F9F3}.RelWithDebInfo|Win32.ActiveCfg = RelWithDebInfo|Win32
		{6C8CE401-DEDF-3D70-8BDD-29E7A509F9F3}.RelWithDebInfo|Win32.Build.0 = RelWithDebInfo|Win32
		{6C8CE401-DEDF-3D70-8BDD-29E7A509F9F3}.RelWithDebInfo|x64.ActiveCfg = RelWithDebInfo|Win32
		{2CFE18B7-6D6F-48BF-8844-E28B664BA833}.Debug|Win32.ActiveCfg = Debug|Win32
		{2CFE18B7-6D6F-48BF-8844-E28B664BA833}.Debug|Win32.Build.0 = Debug|Win32
		{2CFE18B7-6D6F-48BF-8844-E28B664BA833}.Debug|x64.ActiveCfg = Debug|x64
		{2CFE18B7-6D6F-48BF-8844-E28B664BA833}.Debug|x64.Build.0 = Debug|x64
		{2CFE18B7-6D6F-48BF-8844-E28B664BA833}.MinSizeRel|Win32.ActiveCfg = Release|Win32
		{2CFE18B7-6D6F-48BF-8844-E28B664BA833}.MinSizeRel|Win32.Build.0 = Release|Win32
		{2CFE18B7-6D6F-48BF-8844-E28B664BA833}.MinSizeRel|x64.ActiveCfg = Release|x64
		{2CFE18B7-6D6F-48BF-8844-E28B664BA833}.MinSizeRel|x64.Build.0 = Release|x64
		{2CFE18B7-6D6F-48BF-8844-E28B664BA833}.Release|Win32.ActiveCfg = Release|Win32
		{2CFE18B7-6D6F-48BF-8844-E28B664BA833}.Release|Win32.Build.0 = Release|Win32
		{2CFE18B7-6D6F-48BF-8844-E28B664BA833}.Release|x64.ActiveCfg = Release|x64
		{2CFE18B7-6D6F-48BF-8844-E28B664BA833}.Release|x64.Build.0 = Release|x64
		{2CFE18B7-6D6F-48BF-8844-E28B664BA833}.RelWithDebInfo|Win32.ActiveCfg = RelWithDebInfo|Win32
		{2CFE18B7-6D6F-48BF-8844-E28B664BA833}.RelWithDebInfo|Win32.Build.0 = RelWithDebInfo|Win32
		{2CFE18B7-6D6F-48BF-8844-E28B664BA833}.RelWithDebInfo|x64.ActiveCfg = Release|x64
		{2CFE18B7-6D6F-48BF-8844-E28B664BA833}.RelWithDebInfo|x64.Build.0 = Release|x64
	EndGlobalSection
	GlobalSection(SolutionProperties) = preSolution
		HideSolutionNode = FALSE
	EndGlobalSection
	GlobalSection(ExtensibilityGlobals) = postSolution
		SolutionGuid = {DB5B4963-863A-30F3-A148-92F8455AD45C}
	EndGlobalSection
EndGlobal
